[[package]]
name = "aiodns"
version = "3.0.0"
description = "Simple DNS resolver for asyncio"
category = "main"
optional = false
python-versions = "*"

[package.dependencies]
pycares = ">=4.0.0"

[[package]]
name = "aiohttp"
version = "3.8.1"
description = "Async http client/server framework (asyncio)"
category = "main"
optional = false
python-versions = ">=3.6"

[package.dependencies]
aiosignal = ">=1.1.2"
async-timeout = ">=4.0.0a3,<5.0"
attrs = ">=17.3.0"
charset-normalizer = ">=2.0,<3.0"
frozenlist = ">=1.1.1"
multidict = ">=4.5,<7.0"
yarl = ">=1.0,<2.0"

[package.extras]
speedups = ["aiodns", "brotli", "cchardet"]

[[package]]
name = "aioredis"
version = "2.0.1"
description = "asyncio (PEP 3156) Redis support"
category = "main"
optional = false
python-versions = ">=3.6"

[package.dependencies]
async-timeout = "*"
typing-extensions = "*"

[package.extras]
hiredis = ["hiredis (>=1.0)"]

[[package]]
name = "aiosignal"
version = "1.2.0"
description = "aiosignal: a list of registered asynchronous callbacks"
category = "main"
optional = false
python-versions = ">=3.6"

[package.dependencies]
frozenlist = ">=1.1.0"

[[package]]
name = "arrow"
version = "1.2.2"
description = "Better dates & times for Python"
category = "main"
optional = false
python-versions = ">=3.6"

[package.dependencies]
python-dateutil = ">=2.7.0"

[[package]]
name = "async-rediscache"
version = "1.0.0rc2"
description = "An easy to use asynchronous Redis cache"
category = "main"
optional = false
python-versions = "~=3.7"

[package.dependencies]
fakeredis = {version = ">=1.7.1", extras = ["lua"], optional = true, markers = "extra == \"fakeredis\""}
redis = ">=4.2,<5.0"

[package.extras]
fakeredis = ["fakeredis[lua] (>=1.7.1)"]

[[package]]
name = "async-timeout"
version = "4.0.2"
description = "Timeout context manager for asyncio programs"
category = "main"
optional = false
python-versions = ">=3.6"

[[package]]
name = "attrs"
version = "22.1.0"
description = "Classes Without Boilerplate"
category = "main"
optional = false
python-versions = ">=3.5"

[package.extras]
dev = ["cloudpickle", "coverage[toml] (>=5.0.2)", "furo", "hypothesis", "mypy (>=0.900,!=0.940)", "pre-commit", "pympler", "pytest (>=4.3.0)", "pytest-mypy-plugins", "sphinx", "sphinx-notfound-page", "zope.interface"]
docs = ["furo", "sphinx", "sphinx-notfound-page", "zope.interface"]
tests = ["cloudpickle", "coverage[toml] (>=5.0.2)", "hypothesis", "mypy (>=0.900,!=0.940)", "pympler", "pytest (>=4.3.0)", "pytest-mypy-plugins", "zope.interface"]
tests_no_zope = ["cloudpickle", "coverage[toml] (>=5.0.2)", "hypothesis", "mypy (>=0.900,!=0.940)", "pympler", "pytest (>=4.3.0)", "pytest-mypy-plugins"]

[[package]]
name = "beautifulsoup4"
version = "4.11.1"
description = "Screen-scraping library"
category = "main"
optional = false
python-versions = ">=3.6.0"

[package.dependencies]
soupsieve = ">1.2"

[package.extras]
html5lib = ["html5lib"]
lxml = ["lxml"]

[[package]]
name = "bot-core"
version = "8.2.0"
description = "Bot-Core provides the core functionality and utilities for the bots of the Python Discord community."
category = "main"
optional = false
python-versions = "3.10.*"

[package.dependencies]
aiodns = "3.0.0"
async-rediscache = {version = "1.0.0rc2", extras = ["fakeredis"], optional = true, markers = "extra == \"async-rediscache\""}
"discord.py" = "2.0.0"
statsd = "3.3.0"

[package.extras]
async-rediscache = ["async-rediscache[fakeredis] (==1.0.0rc2)"]

[package.source]
type = "url"
url = "https://github.com/python-discord/bot-core/archive/refs/tags/v8.2.0.zip"
[[package]]
name = "certifi"
version = "2022.6.15"
description = "Python package for providing Mozilla's CA Bundle."
category = "main"
optional = false
python-versions = ">=3.6"

[[package]]
name = "cffi"
version = "1.15.1"
description = "Foreign Function Interface for Python calling C code."
category = "main"
optional = false
python-versions = "*"

[package.dependencies]
pycparser = "*"

[[package]]
name = "cfgv"
version = "3.3.1"
description = "Validate configuration and produce human readable error messages."
category = "dev"
optional = false
python-versions = ">=3.6.1"

[[package]]
name = "charset-normalizer"
version = "2.1.1"
description = "The Real First Universal Charset Detector. Open, modern and actively maintained alternative to Chardet."
category = "main"
optional = false
python-versions = ">=3.6.0"

[package.extras]
unicode_backport = ["unicodedata2"]

[[package]]
name = "colorama"
version = "0.4.5"
description = "Cross-platform colored terminal text."
category = "main"
optional = false
python-versions = ">=2.7, !=3.0.*, !=3.1.*, !=3.2.*, !=3.3.*, !=3.4.*"

[[package]]
name = "coloredlogs"
version = "15.0.1"
description = "Colored terminal output for Python's logging module"
category = "main"
optional = false
python-versions = ">=2.7, !=3.0.*, !=3.1.*, !=3.2.*, !=3.3.*, !=3.4.*"

[package.dependencies]
humanfriendly = ">=9.1"

[package.extras]
cron = ["capturer (>=2.4)"]

[[package]]
name = "deprecated"
version = "1.2.13"
description = "Python @deprecated decorator to deprecate old python classes, functions or methods."
category = "main"
optional = false
python-versions = ">=2.7, !=3.0.*, !=3.1.*, !=3.2.*, !=3.3.*"

[package.dependencies]
wrapt = ">=1.10,<2"

[package.extras]
dev = ["PyTest (<5)", "PyTest-Cov (<2.6)", "bump2version (<1)", "configparser (<5)", "importlib-metadata (<3)", "importlib-resources (<4)", "pytest", "pytest-cov", "sphinx (<2)", "sphinxcontrib-websupport (<2)", "tox", "zipp (<2)"]

[[package]]
name = "discord.py"
version = "2.0.0"
description = "A Python wrapper for the Discord API"
category = "main"
optional = false
python-versions = ">=3.8.0"

[package.dependencies]
aiohttp = ">=3.7.4,<4"

[package.extras]
docs = ["sphinx (==4.4.0)", "sphinxcontrib-trio (==1.1.2)", "sphinxcontrib-websupport", "typing-extensions (>=4.3,<5)"]
speed = ["aiodns (>=1.1)", "brotli", "cchardet", "orjson (>=3.5.4)"]
test = ["coverage", "pytest", "pytest-asyncio", "pytest-cov", "pytest-mock", "typing-extensions (>=4.3,<5)"]
voice = ["PyNaCl (>=1.3.0,<1.6)"]

[[package]]
name = "distlib"
version = "0.3.5"
description = "Distribution utilities"
category = "dev"
optional = false
python-versions = "*"

[[package]]
name = "emoji"
version = "2.0.0"
description = "Emoji for Python"
category = "main"
optional = false
python-versions = "*"

[package.extras]
dev = ["coverage", "coveralls", "pytest"]

[[package]]
name = "emojis"
version = "0.6.0"
description = "Emojis for Python"
category = "main"
optional = false
python-versions = "*"

[[package]]
name = "fakeredis"
version = "1.9.0"
description = "Fake implementation of redis API for testing purposes."
category = "main"
optional = false
python-versions = ">=3.7,<4.0"

[package.dependencies]
lupa = {version = ">=1.13,<2.0", optional = true, markers = "extra == \"lua\""}
redis = "<4.4"
six = ">=1.16.0,<2.0.0"
sortedcontainers = ">=2.4.0,<3.0.0"

[package.extras]
aioredis = ["aioredis (>=2.0.1,<3.0.0)"]
lua = ["lupa (>=1.13,<2.0)"]

[[package]]
name = "filelock"
version = "3.8.0"
description = "A platform independent file lock."
category = "dev"
optional = false
python-versions = ">=3.7"

[package.extras]
docs = ["furo (>=2022.6.21)", "sphinx (>=5.1.1)", "sphinx-autodoc-typehints (>=1.19.1)"]
testing = ["covdefaults (>=2.2)", "coverage (>=6.4.2)", "pytest (>=7.1.2)", "pytest-cov (>=3)", "pytest-timeout (>=2.1)"]

[[package]]
name = "flake8"
version = "5.0.4"
description = "the modular source code checker: pep8 pyflakes and co"
category = "dev"
optional = false
python-versions = ">=3.6.1"

[package.dependencies]
mccabe = ">=0.7.0,<0.8.0"
pycodestyle = ">=2.9.0,<2.10.0"
pyflakes = ">=2.5.0,<2.6.0"

[[package]]
name = "flake8-annotations"
version = "2.9.1"
description = "Flake8 Type Annotation Checks"
category = "dev"
optional = false
python-versions = ">=3.7,<4.0"

[package.dependencies]
attrs = ">=21.4"
flake8 = ">=3.7"

[[package]]
name = "flake8-bugbear"
version = "22.8.23"
description = "A plugin for flake8 finding likely bugs and design problems in your program. Contains warnings that don't belong in pyflakes and pycodestyle."
category = "dev"
optional = false
python-versions = ">=3.6"

[package.dependencies]
attrs = ">=19.2.0"
flake8 = ">=3.0.0"

[package.extras]
dev = ["coverage", "hypothesis", "hypothesmith (>=0.2)", "pre-commit"]

[[package]]
name = "flake8-docstrings"
version = "1.6.0"
description = "Extension for flake8 which uses pydocstyle to check docstrings"
category = "dev"
optional = false
python-versions = "*"

[package.dependencies]
flake8 = ">=3"
pydocstyle = ">=2.1"

[[package]]
name = "flake8-isort"
version = "4.2.0"
description = "flake8 plugin that integrates isort ."
category = "dev"
optional = false
python-versions = "*"

[package.dependencies]
flake8 = ">=3.2.1,<6"
isort = ">=4.3.5,<6"

[package.extras]
test = ["pytest-cov"]

[[package]]
name = "flake8-string-format"
version = "0.3.0"
description = "string format checker, plugin for flake8"
category = "dev"
optional = false
python-versions = "*"

[package.dependencies]
flake8 = "*"

[[package]]
name = "flake8-tidy-imports"
version = "4.8.0"
description = "A flake8 plugin that helps you write tidier imports."
category = "dev"
optional = false
python-versions = ">=3.7"

[package.dependencies]
flake8 = ">=3.8.0"

[[package]]
name = "flake8-todo"
version = "0.7"
description = "TODO notes checker, plugin for flake8"
category = "dev"
optional = false
python-versions = "*"

[package.dependencies]
pycodestyle = ">=2.0.0,<3.0.0"

[[package]]
name = "frozenlist"
version = "1.3.1"
description = "A list-like structure which implements collections.abc.MutableSequence"
category = "main"
optional = false
python-versions = ">=3.7"

[[package]]
name = "humanfriendly"
version = "10.0"
description = "Human friendly output for text interfaces using Python"
category = "main"
optional = false
python-versions = ">=2.7, !=3.0.*, !=3.1.*, !=3.2.*, !=3.3.*, !=3.4.*"

[package.dependencies]
pyreadline3 = {version = "*", markers = "sys_platform == \"win32\" and python_version >= \"3.8\""}

[[package]]
name = "identify"
version = "2.5.3"
description = "File identification library for Python"
category = "dev"
optional = false
python-versions = ">=3.7"

[package.extras]
license = ["ukkonen"]

[[package]]
name = "idna"
version = "3.3"
description = "Internationalized Domain Names in Applications (IDNA)"
category = "main"
optional = false
python-versions = ">=3.5"

[[package]]
name = "isort"
version = "5.10.1"
description = "A Python utility / library to sort Python imports."
category = "dev"
optional = false
python-versions = ">=3.6.1,<4.0"

[package.extras]
colors = ["colorama (>=0.4.3,<0.5.0)"]
pipfile_deprecated_finder = ["pipreqs", "requirementslib"]
plugins = ["setuptools"]
requirements_deprecated_finder = ["pip-api", "pipreqs"]

[[package]]
name = "jarowinkler"
version = "1.2.1"
description = "library for fast approximate string matching using Jaro and Jaro-Winkler similarity"
category = "main"
optional = false
python-versions = ">=3.6"

[[package]]
name = "lupa"
version = "1.13"
description = "Python wrapper around Lua and LuaJIT"
category = "main"
optional = false
python-versions = "*"

[[package]]
name = "lxml"
version = "4.9.1"
description = "Powerful and Pythonic XML processing library combining libxml2/libxslt with the ElementTree API."
category = "main"
optional = false
python-versions = ">=2.7, !=3.0.*, !=3.1.*, !=3.2.*, !=3.3.*, != 3.4.*"

[package.extras]
cssselect = ["cssselect (>=0.7)"]
html5 = ["html5lib"]
htmlsoup = ["beautifulsoup4"]
source = ["Cython (>=0.29.7)"]

[[package]]
name = "mccabe"
version = "0.7.0"
description = "McCabe checker, plugin for flake8"
category = "dev"
optional = false
python-versions = ">=3.6"

[[package]]
name = "mslex"
version = "0.3.0"
description = "shlex for windows"
category = "dev"
optional = false
python-versions = ">=3.5"

[[package]]
name = "multidict"
version = "6.0.2"
description = "multidict implementation"
category = "main"
optional = false
python-versions = ">=3.7"

[[package]]
name = "nodeenv"
version = "1.7.0"
description = "Node.js virtual environment builder"
category = "dev"
optional = false
python-versions = ">=2.7,!=3.0.*,!=3.1.*,!=3.2.*,!=3.3.*,!=3.4.*,!=3.5.*,!=3.6.*"

[[package]]
name = "packaging"
version = "21.3"
description = "Core utilities for Python packages"
category = "main"
optional = false
python-versions = ">=3.6"

[package.dependencies]
pyparsing = ">=2.0.2,<3.0.5 || >3.0.5"

[[package]]
name = "pep8-naming"
version = "0.13.2"
description = "Check PEP-8 naming conventions, plugin for flake8"
category = "dev"
optional = false
python-versions = ">=3.7"

[package.dependencies]
flake8 = ">=3.9.1"

[[package]]
name = "pillow"
version = "9.2.0"
description = "Python Imaging Library (Fork)"
category = "main"
optional = false
python-versions = ">=3.7"

[package.extras]
docs = ["furo", "olefile", "sphinx (>=2.4)", "sphinx-copybutton", "sphinx-issues (>=3.0.1)", "sphinx-removed-in", "sphinxext-opengraph"]
tests = ["check-manifest", "coverage", "defusedxml", "markdown2", "olefile", "packaging", "pyroma", "pytest", "pytest-cov", "pytest-timeout"]

[[package]]
name = "pip-licenses"
version = "3.5.4"
description = "Dump the software license list of Python packages installed with pip."
category = "dev"
optional = false
python-versions = "~=3.6"

[package.dependencies]
PTable = "*"

[package.extras]
test = ["docutils", "pytest-cov", "pytest-pycodestyle", "pytest-runner"]

[[package]]
name = "platformdirs"
version = "2.5.2"
description = "A small Python module for determining appropriate platform-specific dirs, e.g. a \"user data dir\"."
category = "dev"
optional = false
python-versions = ">=3.7"

[package.extras]
docs = ["furo (>=2021.7.5b38)", "proselint (>=0.10.2)", "sphinx (>=4)", "sphinx-autodoc-typehints (>=1.12)"]
test = ["appdirs (==1.4.4)", "pytest (>=6)", "pytest-cov (>=2.7)", "pytest-mock (>=3.6)"]

[[package]]
name = "pre-commit"
version = "2.20.0"
description = "A framework for managing and maintaining multi-language pre-commit hooks."
category = "dev"
optional = false
python-versions = ">=3.7"

[package.dependencies]
cfgv = ">=2.0.0"
identify = ">=1.0.0"
nodeenv = ">=0.11.1"
pyyaml = ">=5.1"
toml = "*"
virtualenv = ">=20.0.8"

[[package]]
name = "psutil"
version = "5.9.1"
description = "Cross-platform lib for process and system monitoring in Python."
category = "dev"
optional = false
python-versions = ">=2.7, !=3.0.*, !=3.1.*, !=3.2.*, !=3.3.*"

[package.extras]
test = ["enum34", "ipaddress", "mock", "pywin32", "wmi"]

[[package]]
name = "ptable"
version = "0.9.2"
description = "A simple Python library for easily displaying tabular data in a visually appealing ASCII table format"
category = "dev"
optional = false
python-versions = "*"

[[package]]
name = "pycares"
version = "4.2.2"
description = "Python interface for c-ares"
category = "main"
optional = false
python-versions = "*"

[package.dependencies]
cffi = ">=1.5.0"

[package.extras]
idna = ["idna (>=2.1)"]

[[package]]
name = "pycodestyle"
version = "2.9.1"
description = "Python style guide checker"
category = "dev"
optional = false
python-versions = ">=3.6"

[[package]]
name = "pycparser"
version = "2.21"
description = "C parser in Python"
category = "main"
optional = false
python-versions = ">=2.7, !=3.0.*, !=3.1.*, !=3.2.*, !=3.3.*"

[[package]]
name = "pydocstyle"
version = "6.1.1"
description = "Python docstring style checker"
category = "dev"
optional = false
python-versions = ">=3.6"

[package.dependencies]
snowballstemmer = "*"

[package.extras]
toml = ["toml"]

[[package]]
name = "pyflakes"
version = "2.5.0"
description = "passive checker of Python programs"
category = "dev"
optional = false
python-versions = ">=3.6"

[[package]]
name = "pyjokes"
version = "0.6.0"
description = "One line jokes for programmers (jokes as a service)"
category = "main"
optional = false
python-versions = "*"

[package.extras]
doc = ["mkdocs"]
test = ["coverage", "pytest", "tox"]

[[package]]
name = "pyparsing"
version = "3.0.9"
description = "pyparsing module - Classes and methods to define and execute parsing grammars"
category = "main"
optional = false
python-versions = ">=3.6.8"

[package.extras]
diagrams = ["jinja2", "railroad-diagrams"]

[[package]]
name = "pyreadline3"
version = "3.4.1"
description = "A python implementation of GNU readline."
category = "main"
optional = false
python-versions = "*"

[[package]]
name = "python-dateutil"
version = "2.8.2"
description = "Extensions to the standard Python datetime module"
category = "main"
optional = false
python-versions = "!=3.0.*,!=3.1.*,!=3.2.*,>=2.7"

[package.dependencies]
six = ">=1.5"

[[package]]
name = "python-dotenv"
version = "0.20.0"
description = "Read key-value pairs from a .env file and set them as environment variables"
category = "dev"
optional = false
python-versions = ">=3.5"

[package.extras]
cli = ["click (>=5.0)"]

[[package]]
name = "pyyaml"
version = "6.0"
description = "YAML parser and emitter for Python"
category = "main"
optional = false
python-versions = ">=3.6"

[[package]]
name = "rapidfuzz"
version = "2.6.0"
description = "rapid fuzzy string matching"
category = "main"
optional = false
python-versions = ">=3.6"

[package.dependencies]
jarowinkler = ">=1.2.0,<2.0.0"

[package.extras]
full = ["numpy"]

[[package]]
name = "redis"
version = "4.3.4"
description = "Python client for Redis database and key-value store"
category = "main"
optional = false
python-versions = ">=3.6"

[package.dependencies]
async-timeout = ">=4.0.2"
deprecated = ">=1.2.3"
packaging = ">=20.4"

[package.extras]
hiredis = ["hiredis (>=1.0.0)"]
ocsp = ["cryptography (>=36.0.1)", "pyopenssl (==20.0.1)", "requests (>=2.26.0)"]

[[package]]
name = "sentry-sdk"
version = "1.9.5"
description = "Python client for Sentry (https://sentry.io)"
category = "main"
optional = false
python-versions = "*"

[package.dependencies]
certifi = "*"
urllib3 = [
    {version = ">=1.26.9", markers = "python_version >= \"3.5\""},
    {version = ">=1.26.11", markers = "python_version >= \"3.6\""},
]

[package.extras]
aiohttp = ["aiohttp (>=3.5)"]
beam = ["apache-beam (>=2.12)"]
bottle = ["bottle (>=0.12.13)"]
celery = ["celery (>=3)"]
chalice = ["chalice (>=1.16.0)"]
django = ["django (>=1.8)"]
falcon = ["falcon (>=1.4)"]
fastapi = ["fastapi (>=0.79.0)"]
flask = ["blinker (>=1.1)", "flask (>=0.11)"]
httpx = ["httpx (>=0.16.0)"]
pure_eval = ["asttokens", "executing", "pure-eval"]
pyspark = ["pyspark (>=2.4.4)"]
quart = ["blinker (>=1.1)", "quart (>=0.16.1)"]
rq = ["rq (>=0.6)"]
sanic = ["sanic (>=0.8)"]
sqlalchemy = ["sqlalchemy (>=1.2)"]
starlette = ["starlette (>=0.19.1)"]
tornado = ["tornado (>=5)"]

[[package]]
name = "six"
version = "1.16.0"
description = "Python 2 and 3 compatibility utilities"
category = "main"
optional = false
python-versions = ">=2.7, !=3.0.*, !=3.1.*, !=3.2.*"

[[package]]
name = "snowballstemmer"
version = "2.2.0"
description = "This package provides 29 stemmers for 28 languages generated from Snowball algorithms."
category = "dev"
optional = false
python-versions = "*"

[[package]]
name = "sortedcontainers"
version = "2.4.0"
description = "Sorted Containers -- Sorted List, Sorted Dict, Sorted Set"
category = "main"
optional = false
python-versions = "*"

[[package]]
name = "soupsieve"
version = "2.3.2.post1"
description = "A modern CSS selector implementation for Beautiful Soup."
category = "main"
optional = false
python-versions = ">=3.6"

[[package]]
name = "statsd"
version = "3.3.0"
description = "A simple statsd client."
category = "main"
optional = false
python-versions = "*"

[[package]]
name = "taskipy"
version = "1.10.2"
description = "tasks runner for python projects"
category = "dev"
optional = false
python-versions = ">=3.6,<4.0"

[package.dependencies]
colorama = ">=0.4.4,<0.5.0"
mslex = {version = ">=0.3.0,<0.4.0", markers = "sys_platform == \"win32\""}
psutil = ">=5.7.2,<6.0.0"
tomli = {version = ">=2.0.1,<3.0.0", markers = "python_version >= \"3.7\" and python_version < \"4.0\""}

[[package]]
name = "toml"
version = "0.10.2"
description = "Python Library for Tom's Obvious, Minimal Language"
category = "dev"
optional = false
python-versions = ">=2.6, !=3.0.*, !=3.1.*, !=3.2.*"

[[package]]
name = "tomli"
version = "2.0.1"
description = "A lil' TOML parser"
category = "dev"
optional = false
python-versions = ">=3.7"

[[package]]
name = "typing-extensions"
version = "4.3.0"
description = "Backported and Experimental Type Hints for Python 3.7+"
category = "main"
optional = false
python-versions = ">=3.7"

[[package]]
name = "urllib3"
version = "1.26.12"
description = "HTTP library with thread-safe connection pooling, file post, and more."
category = "main"
optional = false
python-versions = ">=2.7, !=3.0.*, !=3.1.*, !=3.2.*, !=3.3.*, !=3.4.*, !=3.5.*, <4"

[package.extras]
brotli = ["brotli (>=1.0.9)", "brotlicffi (>=0.8.0)", "brotlipy (>=0.6.0)"]
secure = ["certifi", "cryptography (>=1.3.4)", "idna (>=2.0.0)", "ipaddress", "pyOpenSSL (>=0.14)", "urllib3-secure-extra"]
socks = ["PySocks (>=1.5.6,!=1.5.7,<2.0)"]

[[package]]
name = "virtualenv"
version = "20.16.3"
description = "Virtual Python Environment builder"
category = "dev"
optional = false
python-versions = ">=3.6"

[package.dependencies]
distlib = ">=0.3.5,<1"
filelock = ">=3.4.1,<4"
platformdirs = ">=2.4,<3"

[package.extras]
docs = ["proselint (>=0.13)", "sphinx (>=5.1.1)", "sphinx-argparse (>=0.3.1)", "sphinx-rtd-theme (>=1)", "towncrier (>=21.9)"]
testing = ["coverage (>=6.2)", "coverage-enable-subprocess (>=1)", "flaky (>=3.7)", "packaging (>=21.3)", "pytest (>=7.0.1)", "pytest-env (>=0.6.2)", "pytest-freezegun (>=0.4.2)", "pytest-mock (>=3.6.1)", "pytest-randomly (>=3.10.3)", "pytest-timeout (>=2.1)"]

[[package]]
name = "wrapt"
version = "1.14.1"
description = "Module for decorators, wrappers and monkey patching."
category = "main"
optional = false
python-versions = "!=3.0.*,!=3.1.*,!=3.2.*,!=3.3.*,!=3.4.*,>=2.7"

[[package]]
name = "yarl"
version = "1.8.1"
description = "Yet another URL library"
category = "main"
optional = false
python-versions = ">=3.7"

[package.dependencies]
idna = ">=2.0"
multidict = ">=4.0"

[metadata]
lock-version = "1.1"
python-versions = "3.10.*"
content-hash = "df8529a97c9eda129d21f4f38a719dfa263983f55863f27124ea91b7d1b609ff"

[metadata.files]
aiodns = []
aiohttp = []
aioredis = []
aiosignal = []
arrow = []
async-rediscache = []
async-timeout = []
attrs = []
beautifulsoup4 = []
bot-core = []
certifi = []
cffi = []
cfgv = []
charset-normalizer = []
colorama = []
coloredlogs = []
deprecated = []
"discord.py" = []
distlib = []
emoji = []
emojis = [
    {file = "emojis-0.6.0-py3-none-any.whl", hash = "sha256:7da34c8a78ae262fd68cef9e2c78a3c1feb59784489eeea0f54ba1d4b7111c7c"},
    {file = "emojis-0.6.0.tar.gz", hash = "sha256:bf605d1f1a27a81cd37fe82eb65781c904467f569295a541c33710b97e4225ec"},
]
fakeredis = []
filelock = []
flake8 = []
flake8-annotations = []
flake8-bugbear = [
    {file = "flake8-bugbear-22.8.23.tar.gz", hash = "sha256:de0717d11124a082118dd08387b34fd86b2721642ec2d8e92be66cfa5ea7c445"},
    {file = "flake8_bugbear-22.8.23-py3-none-any.whl", hash = "sha256:1b0ebe0873d1cd55bf9f1588bfcb930db339018ef44a3981a26532daa9fd14a8"},
]
flake8-docstrings = []
flake8-isort = []
flake8-string-format = []
flake8-tidy-imports = []
flake8-todo = []
frozenlist = []
humanfriendly = []
identify = []
idna = []
isort = []
jarowinkler = []
lupa = []
lxml = []
mccabe = []
mslex = []
multidict = []
nodeenv = []
packaging = []
pep8-naming = [
    {file = "pep8-naming-0.13.2.tar.gz", hash = "sha256:93eef62f525fd12a6f8c98f4dcc17fa70baae2f37fa1f73bec00e3e44392fa48"},
    {file = "pep8_naming-0.13.2-py3-none-any.whl", hash = "sha256:59e29e55c478db69cffbe14ab24b5bd2cd615c0413edf790d47d3fb7ba9a4e23"},
]
pillow = []
pip-licenses = []
platformdirs = []
pre-commit = []
psutil = []
ptable = []
pycares = []
pycodestyle = []
pycparser = []
pydocstyle = []
pyflakes = []
pyjokes = [
    {file = "pyjokes-0.6.0-py2.py3-none-any.whl", hash = "sha256:70b6125186dee5845038505cd16b5e09250da46c730e36b44ffd870e3c81aaaa"},
    {file = "pyjokes-0.6.0.tar.gz", hash = "sha256:08860eedb78cbfa4618243c8db088f21c39823ece1fdaf0133e52d9c56e981a5"},
]
pyparsing = []
pyreadline3 = []
python-dateutil = []
python-dotenv = []
pyyaml = []
rapidfuzz = [
    {file = "rapidfuzz-2.6.0-cp310-cp310-macosx_10_9_universal2.whl", hash = "sha256:49d529eebc4388b17308a41c002b0bba9ab9941873a0f886c5017046d7f24e0a"},
    {file = "rapidfuzz-2.6.0-cp310-cp310-macosx_10_9_x86_64.whl", hash = "sha256:d35ebce3c538f1d2cd230ba2c12d5ca9378eae1df23efa6ba514ef2835104140"},
    {file = "rapidfuzz-2.6.0-cp310-cp310-macosx_11_0_arm64.whl", hash = "sha256:924cf4d8ada68176ca63391bb53305989f102667d229bc3fe6175df0bcaf9af2"},
    {file = "rapidfuzz-2.6.0-cp310-cp310-manylinux_2_17_aarch64.manylinux2014_aarch64.whl", hash = "sha256:ae80c84073ac85d02447edc94a38fc199528f91185ca0b9163a3786db7b22587"},
    {file = "rapidfuzz-2.6.0-cp310-cp310-manylinux_2_17_i686.manylinux2014_i686.whl", hash = "sha256:d46788d12fe6b15781c447100d21bce41e8db13cd3a1f67f85d61e0ecbcecd48"},
    {file = "rapidfuzz-2.6.0-cp310-cp310-manylinux_2_17_ppc64le.manylinux2014_ppc64le.whl", hash = "sha256:7c03153f743e84ba6577d359719f677ac50c3d6fa4ef1164a77826ad847100e3"},
    {file = "rapidfuzz-2.6.0-cp310-cp310-manylinux_2_17_s390x.manylinux2014_s390x.whl", hash = "sha256:15cd85256b728e3303bd7bf5fcde3433499a53b2d46b61e9e76e19a81eabdba1"},
    {file = "rapidfuzz-2.6.0-cp310-cp310-manylinux_2_17_x86_64.manylinux2014_x86_64.whl", hash = "sha256:555ec9000f369d1137959797f0c0e5e22b6f8608f9aa024e02fcb82a0feb2573"},
    {file = "rapidfuzz-2.6.0-cp310-cp310-musllinux_1_1_aarch64.whl", hash = "sha256:519d377febf9cfc02b848c356809ba64e2c5cee35389646680aa798b8d6c62d2"},
    {file = "rapidfuzz-2.6.0-cp310-cp310-musllinux_1_1_i686.whl", hash = "sha256:39d391d5a6bc54a4808409c269c4794741f818cee4836a06fd3c0b64b5a8eba6"},
    {file = "rapidfuzz-2.6.0-cp310-cp310-musllinux_1_1_ppc64le.whl", hash = "sha256:865d1ae1bc8a31daa7853482e53fdc10151b42fbc71037249ea121c7eb172707"},
    {file = "rapidfuzz-2.6.0-cp310-cp310-musllinux_1_1_s390x.whl", hash = "sha256:f86034aef6efc4183880fd52ba2c8ad98d5df7744032f65955ab4ee187257124"},
    {file = "rapidfuzz-2.6.0-cp310-cp310-musllinux_1_1_x86_64.whl", hash = "sha256:afed406236edebb30850f4fc0090b0f06ace54d9275955caf94ee4f7cf4873a4"},
    {file = "rapidfuzz-2.6.0-cp310-cp310-win32.whl", hash = "sha256:f15f0a45e508f31d993cba6e778271f6ea382998e683ff1ef487b6232b7751ee"},
    {file = "rapidfuzz-2.6.0-cp310-cp310-win_amd64.whl", hash = "sha256:3eea5d9339954f8aa627923bf97f5ad2da97d0335ba11fd6ce2568a61b90a9d5"},
    {file = "rapidfuzz-2.6.0-cp311-cp311-macosx_10_9_universal2.whl", hash = "sha256:70ee025d6855fd7cf0ef2ce63a7e6d99f680f31371ef019354b8a91905a7b664"},
    {file = "rapidfuzz-2.6.0-cp311-cp311-macosx_10_9_x86_64.whl", hash = "sha256:77865b0187aaa1fbb98d75424b1d52f426a15bdbbf4b67d2fa1271a5916454f8"},
    {file = "rapidfuzz-2.6.0-cp311-cp311-macosx_11_0_arm64.whl", hash = "sha256:5880616d8375031514f1c79cdbf800351d61c3454356acd14eadd4d8b5f79849"},
    {file = "rapidfuzz-2.6.0-cp311-cp311-manylinux_2_17_aarch64.manylinux2014_aarch64.whl", hash = "sha256:1eff4ac8709b9b289cb1aec4bd3e75aa733c652cfebf8e7d9f9f5eb00d5e1380"},
    {file = "rapidfuzz-2.6.0-cp311-cp311-manylinux_2_17_i686.manylinux2014_i686.whl", hash = "sha256:6c368a101ba32b4f567468f03d3dceeea2b8b46f1a0b52ab83be5357ef7f55b8"},
    {file = "rapidfuzz-2.6.0-cp311-cp311-manylinux_2_17_ppc64le.manylinux2014_ppc64le.whl", hash = "sha256:4f9b6f5fd1d58ff7057c99ef3d127b03fad2fe7246c73fa3d673845cc7bd29ae"},
    {file = "rapidfuzz-2.6.0-cp311-cp311-manylinux_2_17_s390x.manylinux2014_s390x.whl", hash = "sha256:2e9fa7b8231c2bce9fb15edf54c249a2632f3bb29d76bb505104d41a2e69283c"},
    {file = "rapidfuzz-2.6.0-cp311-cp311-manylinux_2_17_x86_64.manylinux2014_x86_64.whl", hash = "sha256:bab4331ddcb4433001c16a7a85705b08db2881e15ed2f7fa42cd1afaebfc4c57"},
    {file = "rapidfuzz-2.6.0-cp311-cp311-musllinux_1_1_aarch64.whl", hash = "sha256:ce634a39e99fae1bec01a1b5c3b39665fb517b036a585553fdfbb816f0184cc0"},
    {file = "rapidfuzz-2.6.0-cp311-cp311-musllinux_1_1_i686.whl", hash = "sha256:bd2b165119b48d03d711ebdb95badf7d345fdcb0e879c12278ed319f203c7b50"},
    {file = "rapidfuzz-2.6.0-cp311-cp311-musllinux_1_1_ppc64le.whl", hash = "sha256:957020bd9ce9cdd2ebe4033621508a0ef463a57f6a6eb948ded05370ddd3b0f2"},
    {file = "rapidfuzz-2.6.0-cp311-cp311-musllinux_1_1_s390x.whl", hash = "sha256:246af6467b0b139db794608ecd6a1de42325072a8f33bc9298a00f0bc5199549"},
    {file = "rapidfuzz-2.6.0-cp311-cp311-musllinux_1_1_x86_64.whl", hash = "sha256:cc753fa6433336426ac163f28c634f3a5c56c5cd5a8ff2277064be6d7c08e0c9"},
    {file = "rapidfuzz-2.6.0-cp311-cp311-win32.whl", hash = "sha256:68fa66f10b3bc6972db76359743f7ba8834a1ddf54a9fdd66e197ccce707bfbc"},
    {file = "rapidfuzz-2.6.0-cp311-cp311-win_amd64.whl", hash = "sha256:bee1aa2bd5bca2cef6491540cb6bd7f0460f59afec5bb49669ca43c0e4aa1a4a"},
    {file = "rapidfuzz-2.6.0-cp36-cp36m-macosx_10_9_x86_64.whl", hash = "sha256:69d62d483f7b595b53106e78b76c7f44095f9f459ea0b3a1e3befb215856837b"},
    {file = "rapidfuzz-2.6.0-cp36-cp36m-manylinux_2_17_aarch64.manylinux2014_aarch64.whl", hash = "sha256:2afe64c6654fc2ea50b2633de643017433258471bffe7825deee1c97a145f920"},
    {file = "rapidfuzz-2.6.0-cp36-cp36m-manylinux_2_17_i686.manylinux2014_i686.whl", hash = "sha256:bfd5ef0273efd4181f387b694f83af44dc1e0a0318ef916fe932ca79f92b0e39"},
    {file = "rapidfuzz-2.6.0-cp36-cp36m-manylinux_2_17_ppc64le.manylinux2014_ppc64le.whl", hash = "sha256:4415ef01feed6c6016529f7a864fb29400101803545a899bd615edd5d14d3dbc"},
    {file = "rapidfuzz-2.6.0-cp36-cp36m-manylinux_2_17_s390x.manylinux2014_s390x.whl", hash = "sha256:e144f29cfce5b0b9dc88b88ec90616063ce9835f33da3905d1a6e2bb486b917f"},
    {file = "rapidfuzz-2.6.0-cp36-cp36m-manylinux_2_17_x86_64.manylinux2014_x86_64.whl", hash = "sha256:16d24109879b6b4bcfd300766b3c0c773de91185a4f646dad923dc544aace8f2"},
    {file = "rapidfuzz-2.6.0-cp36-cp36m-musllinux_1_1_aarch64.whl", hash = "sha256:b5a79b5e79b638e09b83e1e1e22d14ccd313af3e74df5821fcc60012ff718cde"},
    {file = "rapidfuzz-2.6.0-cp36-cp36m-musllinux_1_1_i686.whl", hash = "sha256:d463ae971b00a04ebf39e8e907500c56b3fba94b31dedb388a5032099fb82747"},
    {file = "rapidfuzz-2.6.0-cp36-cp36m-musllinux_1_1_ppc64le.whl", hash = "sha256:63db2247d783e0eb2062afba1e28e779f5bd787c6ac457796fcd2909afd3da53"},
    {file = "rapidfuzz-2.6.0-cp36-cp36m-musllinux_1_1_s390x.whl", hash = "sha256:e8ca9b590b4228224b1328339f99e714e90a2a68cc0f20b0676aecab49cc7c33"},
    {file = "rapidfuzz-2.6.0-cp36-cp36m-musllinux_1_1_x86_64.whl", hash = "sha256:6a02667319a66f075b27e0a8b02b994f766d2836d328bbc4e9c7fe4767ea332a"},
    {file = "rapidfuzz-2.6.0-cp36-cp36m-win32.whl", hash = "sha256:564ad9294801fe5c16a4cb36893e745afe4492e0a73237e2ccbb1566df25ac49"},
    {file = "rapidfuzz-2.6.0-cp36-cp36m-win_amd64.whl", hash = "sha256:8a77fe0addb15557f2593c6c087303b8961c4f40d787b3562eb27712b295456b"},
    {file = "rapidfuzz-2.6.0-cp37-cp37m-macosx_10_9_x86_64.whl", hash = "sha256:e11eb2271c637d042d976f75ea98142d78e2c27f4231af3ecee044722afbfb9b"},
    {file = "rapidfuzz-2.6.0-cp37-cp37m-manylinux_2_17_aarch64.manylinux2014_aarch64.whl", hash = "sha256:e8bac8cd621d8595e31c16c77df30a47864339ed9ed6b04fc8a17dd853f8d25e"},
    {file = "rapidfuzz-2.6.0-cp37-cp37m-manylinux_2_17_i686.manylinux2014_i686.whl", hash = "sha256:534e5d7c963966b00e877185e91fc7813cbfd23de0d175f92e1d6b9b3e25946d"},
    {file = "rapidfuzz-2.6.0-cp37-cp37m-manylinux_2_17_ppc64le.manylinux2014_ppc64le.whl", hash = "sha256:3516bb3b6190a92e3abf7c7824bd6230814401c2d44efc37d5807ffd52960a37"},
    {file = "rapidfuzz-2.6.0-cp37-cp37m-manylinux_2_17_s390x.manylinux2014_s390x.whl", hash = "sha256:743fe36e8631394cac0afd8d07a63026ff4b43bc930766baf668dfcb2c96de66"},
    {file = "rapidfuzz-2.6.0-cp37-cp37m-manylinux_2_17_x86_64.manylinux2014_x86_64.whl", hash = "sha256:ce5bb99aedb49c298287b8f70e87d5b8e75613b52bdc2656269ac88805fc5a77"},
    {file = "rapidfuzz-2.6.0-cp37-cp37m-musllinux_1_1_aarch64.whl", hash = "sha256:e208648927c3980dd2fbac00ce18b883c7ebd870bc5f2918cee171750bb97f62"},
    {file = "rapidfuzz-2.6.0-cp37-cp37m-musllinux_1_1_i686.whl", hash = "sha256:4d6d4ddabb84ab16fcdaa399dec1ecdacd1bb27901908e71c6093cdee21b47da"},
    {file = "rapidfuzz-2.6.0-cp37-cp37m-musllinux_1_1_ppc64le.whl", hash = "sha256:c10f3f6d408d5a5d8aaa863a34482a641d2d5412201f412feea4b285fda779ba"},
    {file = "rapidfuzz-2.6.0-cp37-cp37m-musllinux_1_1_s390x.whl", hash = "sha256:69aa6d14cab7c99095525b62d877afe55a4642329ac6a7d3473b43171e05dbb4"},
    {file = "rapidfuzz-2.6.0-cp37-cp37m-musllinux_1_1_x86_64.whl", hash = "sha256:1ffc506245aef126b6dfc9db7fce727ba8cfeb8d463e14c5d169265d2d647d57"},
    {file = "rapidfuzz-2.6.0-cp37-cp37m-win32.whl", hash = "sha256:360c614197ab909f7d4506cf19e36029e5c98cb51d03059b09c30fcb719b29c9"},
    {file = "rapidfuzz-2.6.0-cp37-cp37m-win_amd64.whl", hash = "sha256:53aceeab505f696b770a4e6dab4219e7ed4a67a4e2f4407ff2deb1522b542068"},
    {file = "rapidfuzz-2.6.0-cp38-cp38-macosx_10_9_universal2.whl", hash = "sha256:5e9263ea07456320a11b90313c2c9b49b53fdce396283f33b6f019a6a44bc932"},
    {file = "rapidfuzz-2.6.0-cp38-cp38-macosx_10_9_x86_64.whl", hash = "sha256:13dca7b6ca57748224d5a04e154fa73a7d697dd3eda40e68ecc57a91ff74bd74"},
    {file = "rapidfuzz-2.6.0-cp38-cp38-macosx_11_0_arm64.whl", hash = "sha256:4c4a47ac61be99934c1d4f16bce3b754eeefa7d211a80073db433d00693362b6"},
    {file = "rapidfuzz-2.6.0-cp38-cp38-manylinux_2_17_aarch64.manylinux2014_aarch64.whl", hash = "sha256:ff8db9a1c1d580efbd72fcb24c7a278ef2e80fe340034a1f34f650f5340a6644"},
    {file = "rapidfuzz-2.6.0-cp38-cp38-manylinux_2_17_i686.manylinux2014_i686.whl", hash = "sha256:3963728b781fc09dcf38bd04d1b66ffaff6372e4b392cbc8867849504aa690c7"},
    {file = "rapidfuzz-2.6.0-cp38-cp38-manylinux_2_17_ppc64le.manylinux2014_ppc64le.whl", hash = "sha256:4479fe428eabeb057d75f8831ef11049690688d20ca7d91c39e47328eec0c74a"},
    {file = "rapidfuzz-2.6.0-cp38-cp38-manylinux_2_17_s390x.manylinux2014_s390x.whl", hash = "sha256:74f94eadf7eadeaa15d263784c474a37005fe689b05cd608d6fa781c7811f2ce"},
    {file = "rapidfuzz-2.6.0-cp38-cp38-manylinux_2_17_x86_64.manylinux2014_x86_64.whl", hash = "sha256:9e1006c3a655cf8307d4827ade5942e92e7b05062cf4f08f8db833615044cf16"},
    {file = "rapidfuzz-2.6.0-cp38-cp38-musllinux_1_1_aarch64.whl", hash = "sha256:8b5c71acbb2d705f813088c88f01a788e1e75bf1296569b3cc008546c29d05a6"},
    {file = "rapidfuzz-2.6.0-cp38-cp38-musllinux_1_1_i686.whl", hash = "sha256:cf52f9b8a792f826860d678d1fc17e0168b42201abaa68cb0b387437e8152fff"},
    {file = "rapidfuzz-2.6.0-cp38-cp38-musllinux_1_1_ppc64le.whl", hash = "sha256:65d618d59241c3d8b123ceccccc8324c7a3c79b84a9dd0c99a42d86d367fa029"},
    {file = "rapidfuzz-2.6.0-cp38-cp38-musllinux_1_1_s390x.whl", hash = "sha256:e2914324f509d5e3ac324e4a365141f845809ae8a16cbf103e81ad89888fc0f8"},
    {file = "rapidfuzz-2.6.0-cp38-cp38-musllinux_1_1_x86_64.whl", hash = "sha256:c4504d26c9110ddd810a0784733dc8134abe15c9056288e3fdb8c55eeb114c4e"},
    {file = "rapidfuzz-2.6.0-cp38-cp38-win32.whl", hash = "sha256:6b3fa7be78ffb2d0b0a3263d0621e329c1a9ea2e4b4d18281cd3bbb61b06ab29"},
    {file = "rapidfuzz-2.6.0-cp38-cp38-win_amd64.whl", hash = "sha256:6db5e553e90b337a734816d6c80aacfc91f95f0414088b5139b2eac996c4851e"},
    {file = "rapidfuzz-2.6.0-cp39-cp39-macosx_10_9_universal2.whl", hash = "sha256:36c5c6cea5589b9c89c32451e3ceb6b0f898d926e3ff3647d66c5818a3ebb67a"},
    {file = "rapidfuzz-2.6.0-cp39-cp39-macosx_10_9_x86_64.whl", hash = "sha256:99d24bb81d29df2a6b93fa7605f71de1d78929dc5835ce78e253b55916ee7a8f"},
    {file = "rapidfuzz-2.6.0-cp39-cp39-macosx_11_0_arm64.whl", hash = "sha256:f08b53d5d38a4a96d24912c638967b2d66c50a4c41a4ca380147b4c1e345b5a8"},
    {file = "rapidfuzz-2.6.0-cp39-cp39-manylinux_2_17_aarch64.manylinux2014_aarch64.whl", hash = "sha256:ec5f223c597bd2a1919813e681559a7e1d82e002e42a0c866eed880d45414bb6"},
    {file = "rapidfuzz-2.6.0-cp39-cp39-manylinux_2_17_i686.manylinux2014_i686.whl", hash = "sha256:d0d3558fec2f9ac8185ee629b23de84cf2bce0b619dabeea3b92cbd1eb095f32"},
    {file = "rapidfuzz-2.6.0-cp39-cp39-manylinux_2_17_ppc64le.manylinux2014_ppc64le.whl", hash = "sha256:6211c8e4347ea00e2801ec4d789af4b801699c942a0d5cf5823925e6c3b6d155"},
    {file = "rapidfuzz-2.6.0-cp39-cp39-manylinux_2_17_s390x.manylinux2014_s390x.whl", hash = "sha256:1da92070ca866200c0154fef5e2a324dc43006fb8671e0c344a29b45b3212c30"},
    {file = "rapidfuzz-2.6.0-cp39-cp39-manylinux_2_17_x86_64.manylinux2014_x86_64.whl", hash = "sha256:0d77e5f02d8d9bd45c3245c1d7faab5b77297bfdaaef9e3d7e3ae114085f1d2d"},
    {file = "rapidfuzz-2.6.0-cp39-cp39-musllinux_1_1_aarch64.whl", hash = "sha256:023f22905a952038cf3e7c8aa69247effe5e70bea2ae0a4bfe3e3e8332e175f4"},
    {file = "rapidfuzz-2.6.0-cp39-cp39-musllinux_1_1_i686.whl", hash = "sha256:93d75518f0013a2b24ffc9140ad186c6653a1aa19c9661daaffc699572816ce8"},
    {file = "rapidfuzz-2.6.0-cp39-cp39-musllinux_1_1_ppc64le.whl", hash = "sha256:0e04e610a9be16ca09af2943beb3981dd4b2ecf72d312d263b438395ffde7904"},
    {file = "rapidfuzz-2.6.0-cp39-cp39-musllinux_1_1_s390x.whl", hash = "sha256:d358b76c0f3e9f1e66a6cc1e8d3e60b54d3bc0018ceaf190c58bf3b5c39a1447"},
    {file = "rapidfuzz-2.6.0-cp39-cp39-musllinux_1_1_x86_64.whl", hash = "sha256:dbe6b7296bdf892e430dcfcf1c948e61f1287df4c85e8ea7550c3ac3baa35d64"},
    {file = "rapidfuzz-2.6.0-cp39-cp39-win32.whl", hash = "sha256:657871da00ea25712fae3cfd2b9f6112597c1e332375ab05646b5173bc91a69f"},
    {file = "rapidfuzz-2.6.0-cp39-cp39-win_amd64.whl", hash = "sha256:54a80c23516138f1698954f2ebea98dc53bab1961e7d06e7103e22716e4e5459"},
    {file = "rapidfuzz-2.6.0-pp37-pypy37_pp73-macosx_10_9_x86_64.whl", hash = "sha256:fa5bb85a8246a06f85fcc6642a2d610fbefe135ebdf0b63989b741936c03bd20"},
    {file = "rapidfuzz-2.6.0-pp37-pypy37_pp73-manylinux_2_17_aarch64.manylinux2014_aarch64.whl", hash = "sha256:7983a8c05b8621b25a72bf6d069ee709299b579b3e5926a597fdeb2ff37b52f2"},
    {file = "rapidfuzz-2.6.0-pp37-pypy37_pp73-manylinux_2_17_i686.manylinux2014_i686.whl", hash = "sha256:1ead59236f4f3a3aa9e5e41b1754928b2ff7f53c838d32860fa987ade0640e09"},
    {file = "rapidfuzz-2.6.0-pp37-pypy37_pp73-manylinux_2_17_x86_64.manylinux2014_x86_64.whl", hash = "sha256:f681ccfb6f180a9f1522e8b4e28932a3fc5f38d289624e1a5447409493319009"},
    {file = "rapidfuzz-2.6.0-pp38-pypy38_pp73-macosx_10_9_x86_64.whl", hash = "sha256:c039be5042df423cdd07fc031645f521d7caec366d4ba7bbdd4754a81dd960f1"},
    {file = "rapidfuzz-2.6.0-pp38-pypy38_pp73-manylinux_2_17_aarch64.manylinux2014_aarch64.whl", hash = "sha256:164467855ae82e46f2c3f19b5955a8739c342d5a3c7e5fcd49ef0abd7de7983b"},
    {file = "rapidfuzz-2.6.0-pp38-pypy38_pp73-manylinux_2_17_i686.manylinux2014_i686.whl", hash = "sha256:b3a3ca4e466fbeb7cea943dafa4303b1418ad5acb4ec470fdb91c68826261694"},
    {file = "rapidfuzz-2.6.0-pp38-pypy38_pp73-manylinux_2_17_x86_64.manylinux2014_x86_64.whl", hash = "sha256:e77294310c89a802cd0a3130a4fbf39cb3c166385435cfc253422527b570df34"},
    {file = "rapidfuzz-2.6.0-pp39-pypy39_pp73-macosx_10_9_x86_64.whl", hash = "sha256:c68e786d8a002e96aceb8a32e54f614f599ca45cbfdb8fc399a3679c09e1eb0a"},
    {file = "rapidfuzz-2.6.0-pp39-pypy39_pp73-manylinux_2_17_aarch64.manylinux2014_aarch64.whl", hash = "sha256:5ba635da3888a89fb48e3f11a358694cb1da171644bd534e833b34812f564706"},
    {file = "rapidfuzz-2.6.0-pp39-pypy39_pp73-manylinux_2_17_i686.manylinux2014_i686.whl", hash = "sha256:0db553b0531098ec764ee78f05ce460236d47ccb6422f2fa9392833cbfc3a8a9"},
    {file = "rapidfuzz-2.6.0-pp39-pypy39_pp73-manylinux_2_17_x86_64.manylinux2014_x86_64.whl", hash = "sha256:b19a5c70710044d00049280d46176e35bfb974b0652d35676868f2c40513db9f"},
    {file = "rapidfuzz-2.6.0.tar.gz", hash = "sha256:cda1aacaf03cf71cd110a6268c4a9671b5af30ac50fe14ac4d76254241089ee6"},
]
redis = []
sentry-sdk = [
    {file = "sentry-sdk-1.9.5.tar.gz", hash = "sha256:2d7ec7bc88ebbdf2c4b6b2650b3257893d386325a96c9b723adcd31033469b63"},
    {file = "sentry_sdk-1.9.5-py2.py3-none-any.whl", hash = "sha256:b4b41f90951ed83e7b4c176eef021b19ecba39da5b73aca106c97a9b7e279a90"},
]
six = []
snowballstemmer = []
sortedcontainers = []
soupsieve = []
statsd = []
taskipy = []
toml = []
tomli = []
typing-extensions = []
urllib3 = []
virtualenv = []
wrapt = []
yarl = []
